// !$*UTF8*$!
{
	archiveVersion = 1;
	classes = {
	};
	objectVersion = 46;
	objects = {

/* Begin PBXBuildFile section */
		D4E821DF1C84DCF700D5D549 /* AppDelegate.swift in Sources */ = {isa = PBXBuildFile; fileRef = D4E821DE1C84DCF700D5D549 /* AppDelegate.swift */; };
		D4E821E11C84DCF700D5D549 /* PsychologistViewController.swift in Sources */ = {isa = PBXBuildFile; fileRef = D4E821E01C84DCF700D5D549 /* PsychologistViewController.swift */; };
		D4E821E41C84DCF700D5D549 /* Main.storyboard in Resources */ = {isa = PBXBuildFile; fileRef = D4E821E21C84DCF700D5D549 /* Main.storyboard */; };
		D4E821E61C84DCF700D5D549 /* Assets.xcassets in Resources */ = {isa = PBXBuildFile; fileRef = D4E821E51C84DCF700D5D549 /* Assets.xcassets */; };
		D4E821E91C84DCF700D5D549 /* LaunchScreen.storyboard in Resources */ = {isa = PBXBuildFile; fileRef = D4E821E71C84DCF700D5D549 /* LaunchScreen.storyboard */; };
		D4E821F21C84E26A00D5D549 /* HappinessViewController.swift in Sources */ = {isa = PBXBuildFile; fileRef = D4E821F01C84E26A00D5D549 /* HappinessViewController.swift */; };
		D4E821F31C84E26A00D5D549 /* FaceView.swift in Sources */ = {isa = PBXBuildFile; fileRef = D4E821F11C84E26A00D5D549 /* FaceView.swift */; };
/* End PBXBuildFile section */

/* Begin PBXFileReference section */
		D4E821DB1C84DCF600D5D549 /* Psychologist.app */ = {isa = PBXFileReference; explicitFileType = wrapper.application; includeInIndex = 0; path = Psychologist.app; sourceTree = BUILT_PRODUCTS_DIR; };
		D4E821DE1C84DCF700D5D549 /* AppDelegate.swift */ = {isa = PBXFileReference; lastKnownFileType = sourcecode.swift; path = AppDelegate.swift; sourceTree = "<group>"; };
		D4E821E01C84DCF700D5D549 /* PsychologistViewController.swift */ = {isa = PBXFileReference; lastKnownFileType = sourcecode.swift; path = PsychologistViewController.swift; sourceTree = "<group>"; };
		D4E821E31C84DCF700D5D549 /* Base */ = {isa = PBXFileReference; lastKnownFileType = file.storyboard; name = Base; path = Base.lproj/Main.storyboard; sourceTree = "<group>"; };
		D4E821E51C84DCF700D5D549 /* Assets.xcassets */ = {isa = PBXFileReference; lastKnownFileType = folder.assetcatalog; path = Assets.xcassets; sourceTree = "<group>"; };
		D4E821E81C84DCF700D5D549 /* Base */ = {isa = PBXFileReference; lastKnownFileType = file.storyboard; name = Base; path = Base.lproj/LaunchScreen.storyboard; sourceTree = "<group>"; };
		D4E821EA1C84DCF700D5D549 /* Info.plist */ = {isa = PBXFileReference; lastKnownFileType = text.plist.xml; path = Info.plist; sourceTree = "<group>"; };
		D4E821F01C84E26A00D5D549 /* HappinessViewController.swift */ = {isa = PBXFileReference; fileEncoding = 4; lastKnownFileType = sourcecode.swift; name = HappinessViewController.swift; path = ../../Happiness/Happiness/HappinessViewController.swift; sourceTree = "<group>"; };
		D4E821F11C84E26A00D5D549 /* FaceView.swift */ = {isa = PBXFileReference; fileEncoding = 4; lastKnownFileType = sourcecode.swift; name = FaceView.swift; path = ../../Happiness/Happiness/FaceView.swift; sourceTree = "<group>"; };
/* End PBXFileReference section */

/* Begin PBXFrameworksBuildPhase section */
		D4E821D81C84DCF600D5D549 /* Frameworks */ = {
			isa = PBXFrameworksBuildPhase;
			buildActionMask = 2147483647;
			files = (
			);
			runOnlyForDeploymentPostprocessing = 0;
		};
/* End PBXFrameworksBuildPhase section */

/* Begin PBXGroup section */
		D4E821D21C84DCF600D5D549 = {
			isa = PBXGroup;
			children = (
				D4E821DD1C84DCF600D5D549 /* Psychologist */,
				D4E821DC1C84DCF600D5D549 /* Products */,
			);
			sourceTree = "<group>";
		};
		D4E821DC1C84DCF600D5D549 /* Products */ = {
			isa = PBXGroup;
			children = (
				D4E821DB1C84DCF600D5D549 /* Psychologist.app */,
			);
			name = Products;
			sourceTree = "<group>";
		};
		D4E821DD1C84DCF600D5D549 /* Psychologist */ = {
			isa = PBXGroup;
			children = (
				D4E821F01C84E26A00D5D549 /* HappinessViewController.swift */,
				D4E821F11C84E26A00D5D549 /* FaceView.swift */,
				D4E821DE1C84DCF700D5D549 /* AppDelegate.swift */,
				D4E821E01C84DCF700D5D549 /* PsychologistViewController.swift */,
				D4E821E21C84DCF700D5D549 /* Main.storyboard */,
				D4E821E51C84DCF700D5D549 /* Assets.xcassets */,
				D4E821E71C84DCF700D5D549 /* LaunchScreen.storyboard */,
				D4E821EA1C84DCF700D5D549 /* Info.plist */,
			);
			path = Psychologist;
			sourceTree = "<group>";
		};
/* End PBXGroup section */

/* Begin PBXNativeTarget section */
		D4E821DA1C84DCF600D5D549 /* Psychologist */ = {
			isa = PBXNativeTarget;
			buildConfigurationList = D4E821ED1C84DCF700D5D549 /* Build configuration list for PBXNativeTarget "Psychologist" */;
			buildPhases = (
				D4E821D71C84DCF600D5D549 /* Sources */,
				D4E821D81C84DCF600D5D549 /* Frameworks */,
				D4E821D91C84DCF600D5D549 /* Resources */,
			);
			buildRules = (
			);
			dependencies = (
			);
			name = Psychologist;
			productName = Psychologist;
			productReference = D4E821DB1C84DCF600D5D549 /* Psychologist.app */;
			productType = "com.apple.product-type.application";
		};
/* End PBXNativeTarget section */

/* Begin PBXProject section */
		D4E821D31C84DCF600D5D549 /* Project object */ = {
			isa = PBXProject;
			attributes = {
				LastSwiftUpdateCheck = 0720;
				LastUpgradeCheck = 0720;
				ORGANIZATIONNAME = Anechka;
				TargetAttributes = {
					D4E821DA1C84DCF600D5D549 = {
						CreatedOnToolsVersion = 7.2.1;
					};
				};
			};
			buildConfigurationList = D4E821D61C84DCF600D5D549 /* Build configuration list for PBXProject "Psychologist" */;
			compatibilityVersion = "Xcode 3.2";
			developmentRegion = English;
			hasScannedForEncodings = 0;
			knownRegions = (
				en,
				Base,
			);
			mainGroup = D4E821D21C84DCF600D5D549;
			productRefGroup = D4E821DC1C84DCF600D5D549 /* Products */;
			projectDirPath = "";
			projectRoot = "";
			targets = (
				D4E821DA1C84DCF600D5D549 /* Psychologist */,
			);
		};
/* End PBXProject section */

/* Begin PBXResourcesBuildPhase section */
		D4E821D91C84DCF600D5D549 /* Resources */ = {
			isa = PBXResourcesBuildPhase;
			buildActionMask = 2147483647;
			files = (
				D4E821E91C84DCF700D5D549 /* LaunchScreen.storyboard in Resources */,
				D4E821E61C84DCF700D5D549 /* Assets.xcassets in Resources */,
				D4E821E41C84DCF700D5D549 /* Main.storyboard in Resources */,
			);
			runOnlyForDeploymentPostprocessing = 0;
		};
/* End PBXResourcesBuildPhase section */

/* Begin PBXSourcesBuildPhase section */
		D4E821D71C84DCF600D5D549 /* Sources */ = {
			isa = PBXSourcesBuildPhase;
			buildActionMask = 2147483647;
			files = (
				D4E821E11C84DCF700D5D549 /* PsychologistViewController.swift in Sources */,
				D4E821F21C84E26A00D5D549 /* HappinessViewController.swift in Sources */,
				D4E821DF1C84DCF700D5D549 /* AppDelegate.swift in Sources */,
				D4E821F31C84E26A00D5D549 /* FaceView.swift in Sources */,
			);
			runOnlyForDeploymentPostprocessing = 0;
		};
/* End PBXSourcesBuildPhase section */

/* Begin PBXVariantGroup section */
		D4E821E21C84DCF700D5D549 /* Main.storyboard */ = {
			isa = PBXVariantGroup;
			children = (
				D4E821E31C84DCF700D5D549 /* Base */,
			);
			name = Main.storyboard;
			sourceTree = "<group>";
		};
		D4E821E71C84DCF700D5D549 /* LaunchScreen.storyboard */ = {
			isa = PBXVariantGroup;
			children = (
				D4E821E81C84DCF700D5D549 /* Base */,
			);
			name = LaunchScreen.storyboard;
			sourceTree = "<group>";
		};
/* End PBXVariantGroup section */

/* Begin XCBuildConfiguration section */
		D4E821EB1C84DCF700D5D549 /* Debug */ = {
			isa = XCBuildConfiguration;
			buildSettings = {
				ALWAYS_SEARCH_USER_PATHS = NO;
				CLANG_CXX_LANGUAGE_STANDARD = "gnu++0x";
				CLANG_CXX_LIBRARY = "libc++";
				CLANG_ENABLE_MODULES = YES;
				CLANG_ENABLE_OBJC_ARC = YES;
				CLANG_WARN_BOOL_CONVERSION = YES;
				CLANG_WARN_CONSTANT_CONVERSION = YES;
				CLANG_WARN_DIRECT_OBJC_ISA_USAGE = YES_ERROR;
				CLANG_WARN_EMPTY_BODY = YES;
				CLANG_WARN_ENUM_CONVERSION = YES;
				CLANG_WARN_INT_CONVERSION = YES;
				CLANG_WARN_OBJC_ROOT_CLASS = YES_ERROR;
				CLANG_WARN_UNREACHABLE_CODE = YES;
				CLANG_WARN__DUPLICATE_METHOD_MATCH = YES;
				"CODE_SIGN_IDENTITY[sdk=iphoneos*]" = "iPhone Developer";
				COPY_PHASE_STRIP = NO;
				DEBUG_INFORMATION_FORMAT = dwarf;
				ENABLE_STRICT_OBJC_MSGSEND = YES;
				ENABLE_TESTABILITY = YES;
				GCC_C_LANGUAGE_STANDARD = gnu99;
				GCC_DYNAMIC_NO_PIC = NO;
				GCC_NO_COMMON_BLOCKS = YES;
				GCC_OPTIMIZATION_LEVEL = 0;
				GCC_PREPROCESSOR_DEFINITIONS = (
					"DEBUG=1",
					"$(inherited)",
				);
				GCC_WARN_64_TO_32_BIT_CONVERSION = YES;
				GCC_WARN_ABOUT_RETURN_TYPE = YES_ERROR;
				GCC_WARN_UNDECLARED_SELECTOR = YES;
				GCC_WARN_UNINITIALIZED_AUTOS = YES_AGGRESSIVE;
				GCC_WARN_UNUSED_FUNCTION = YES;
				GCC_WARN_UNUSED_VARIABLE = YES;
				IPHONEOS_DEPLOYMENT_TARGET = 9.2;
				MTL_ENABLE_DEBUG_INFO = YES;
				ONLY_ACTIVE_ARCH = YES;
				SDKROOT = iphoneos;
				SWIFT_OPTIMIZATION_LEVEL = "-Onone";
				TARGETED_DEVICE_FAMILY = "1,2";
			};
			name = Debug;
		};
		D4E821EC1C84DCF700D5D549 /* Release */ = {
			isa = XCBuildConfiguration;
			buildSettings = {
				ALWAYS_SEARCH_USER_PATHS = NO;
				CLANG_CXX_LANGUAGE_STANDARD = "gnu++0x";
				CLANG_CXX_LIBRARY = "libc++";
				CLANG_ENABLE_MODULES = YES;
				CLANG_ENABLE_OBJC_ARC = YES;
				CLANG_WARN_BOOL_CONVERSION = YES;
				CLANG_WARN_CONSTANT_CONVERSION = YES;
				CLANG_WARN_DIRECT_OBJC_ISA_USAGE = YES_ERROR;
				CLANG_WARN_EMPTY_BODY = YES;
				CLANG_WARN_ENUM_CONVERSION = YES;
				CLANG_WARN_INT_CONVERSION = YES;
				CLANG_WARN_OBJC_ROOT_CLASS = YES_ERROR;
				CLANG_WARN_UNREACHABLE_CODE = YES;
				CLANG_WARN__DUPLICATE_METHOD_MATCH = YES;
				"CODE_SIGN_IDENTITY[sdk=iphoneos*]" = "iPhone Developer";
				COPY_PHASE_STRIP = NO;
				DEBUG_INFORMATION_FORMAT = "dwarf-with-dsym";
				ENABLE_NS_ASSERTIONS = NO;
				ENABLE_STRICT_OBJC_MSGSEND = YES;
				GCC_C_LANGUAGE_STANDARD = gnu99;
				GCC_NO_COMMON_BLOCKS = YES;
				GCC_WARN_64_TO_32_BIT_CONVERSION = YES;
				GCC_WARN_ABOUT_RETURN_TYPE = YES_ERROR;
				GCC_WARN_UNDECLARED_SELECTOR = YES;
				GCC_WARN_UNINITIALIZED_AUTOS = YES_AGGRESSIVE;
				GCC_WARN_UNUSED_FUNCTION = YES;
				GCC_WARN_UNUSED_VARIABLE = YES;
				IPHONEOS_DEPLOYMENT_TARGET = 9.2;
				MTL_ENABLE_DEBUG_INFO = NO;
				SDKROOT = iphoneos;
				TARGETED_DEVICE_FAMILY = "1,2";
				VALIDATE_PRODUCT = YES;
			};
			name = Release;
		};
		D4E821EE1C84DCF700D5D549 /* Debug */ = {
			isa = XCBuildConfiguration;
			buildSettings = {
				ASSETCATALOG_COMPILER_APPICON_NAME = AppIcon;
				INFOPLIST_FILE = Psychologist/Info.plist;
				LD_RUNPATH_SEARCH_PATHS = "$(inherited) @executable_path/Frameworks";
				PRODUCT_BUNDLE_IDENTIFIER = edu.self.Psychologist;
				PRODUCT_NAME = "$(TARGET_NAME)";
			};
			name = Debug;
		};
		D4E821EF1C84DCF700D5D549 /* Release */ = {
			isa = XCBuildConfiguration;
			buildSettings = {
				ASSETCATALOG_COMPILER_APPICON_NAME = AppIcon;
				INFOPLIST_FILE = Psychologist/Info.plist;
				LD_RUNPATH_SEARCH_PATHS = "$(inherited) @executable_path/Frameworks";
				PRODUCT_BUNDLE_IDENTIFIER = edu.self.Psychologist;
				PRODUCT_NAME = "$(TARGET_NAME)";
			};
			name = Release;
		};
/* End XCBuildConfiguration section */

/* Begin XCConfigurationList section */
		D4E821D61C84DCF600D5D549 /* Build configuration list for PBXProject "Psychologist" */ = {
			isa = XCConfigurationList;
			buildConfigurations = (
				D4E821EB1C84DCF700D5D549 /* Debug */,
				D4E821EC1C84DCF700D5D549 /* Release */,
			);
			defaultConfigurationIsVisible = 0;
			defaultConfigurationName = Release;
		};
		D4E821ED1C84DCF700D5D549 /* Build configuration list for PBXNativeTarget "Psychologist" */ = {
			isa = XCConfigurationList;
			buildConfigurations = (
				D4E821EE1C84DCF700D5D549 /* Debug */,
				D4E821EF1C84DCF700D5D549 /* Release */,
			);
			defaultConfigurationIsVisible = 0;
		};
/* End XCConfigurationList section */
	};
	rootObject = D4E821D31C84DCF600D5D549 /* Project object */;
}
